
Microsoft Visual Studio Solution File, Format Version 12.00
# Visual Studio Version 16
VisualStudioVersion = 16.0.30309.148
MinimumVisualStudioVersion = 10.0.40219.1
Project("{FAE04EC0-301F-11D3-BF4B-00C04F79EFBC}") = "SchemeBuilder", "SchemeBuilder\SchemeBuilder.csproj", "{B7E7EBFB-C06E-4FC8-9AF2-7CD132AB15FD}"
EndProject
Project("{2150E333-8FDC-42A3-9474-1A3956D46DE8}") = "LegacyNet", "LegacyNet", "{015EA4FF-2464-4B20-B041-C4318FBC2696}"
EndProject
Project("{9A19103F-16F7-4668-BE54-9A1E7A4F7556}") = "GameRes.Core", "GameRes\GameRes.Core.csproj", "{448E105D-CCD3-4465-85B2-722CB83F036F}"
EndProject
Project("{9A19103F-16F7-4668-BE54-9A1E7A4F7556}") = "ArcFormats.Core", "ArcFormats\ArcFormats.Core.csproj", "{98175244-F4FB-42DA-A1FD-09D281081BC9}"
EndProject
Project("{9A19103F-16F7-4668-BE54-9A1E7A4F7556}") = "Experimental.Core", "Experimental\Experimental.Core.csproj", "{DFCD3DB2-04F9-4A3C-AEBB-B85203A02FB1}"
EndProject
Project("{9A19103F-16F7-4668-BE54-9A1E7A4F7556}") = "Net20.Core", "Net20\Net20.Core.csproj", "{ED42A0E2-176C-446A-BAB6-72ACC6F1BD81}"
EndProject
Project("{9A19103F-16F7-4668-BE54-9A1E7A4F7556}") = "Legacy.Core", "Legacy\Legacy.Core.csproj", "{114050BF-CB4E-4296-8D09-C96A24903167}"
EndProject
Project("{9A19103F-16F7-4668-BE54-9A1E7A4F7556}") = "GARbro.GUI.Core", "GUI\GARbro.GUI.Core.csproj", "{AA001966-9A17-4843-84E1-19142C3BE1C5}"
EndProject
Project("{9A19103F-16F7-4668-BE54-9A1E7A4F7556}") = "Image.Convert.Core", "Image.Convert\Image.Convert.Core.csproj", "{96C528AB-1794-44FF-B656-C5BF8552A712}"
EndProject
Project("{9A19103F-16F7-4668-BE54-9A1E7A4F7556}") = "GARbro.Console.Core", "Console\GARbro.Console.Core.csproj", "{62AACEB7-B1F3-421B-A3CE-0107B5C44041}"
EndProject
Project("{2150E333-8FDC-42A3-9474-1A3956D46DE8}") = "Scheme", "Scheme", "{D05E7DB5-552A-4A2B-939C-49774B3DA8CD}"
EndProject
Project("{9A19103F-16F7-4668-BE54-9A1E7A4F7556}") = "SchemeExtractor", "Scheme\SchemeExtractor\SchemeExtractor.csproj", "{D3D11186-48DC-4B60-8831-04E019159413}"
EndProject
Project("{FAE04EC0-301F-11D3-BF4B-00C04F79EFBC}") = "SchemeViewer", "Scheme\SchemeViewer\SchemeViewer.csproj", "{660D01EC-D684-4AD8-B693-E490D08DA23A}"
EndProject
Global
	GlobalSection(SolutionConfigurationPlatforms) = preSolution
		Debug|Any CPU = Debug|Any CPU
		Prerelease|Any CPU = Prerelease|Any CPU
		Release|Any CPU = Release|Any CPU
	EndGlobalSection
	GlobalSection(ProjectConfigurationPlatforms) = postSolution
		{B7E7EBFB-C06E-4FC8-9AF2-7CD132AB15FD}.Debug|Any CPU.ActiveCfg = Debug|Any CPU
		{B7E7EBFB-C06E-4FC8-9AF2-7CD132AB15FD}.Prerelease|Any CPU.ActiveCfg = Prerelease|Any CPU
		{B7E7EBFB-C06E-4FC8-9AF2-7CD132AB15FD}.Release|Any CPU.ActiveCfg = Release|Any CPU
		{B7E7EBFB-C06E-4FC8-9AF2-7CD132AB15FD}.Release|Any CPU.Build.0 = Release|Any CPU
		{448E105D-CCD3-4465-85B2-722CB83F036F}.Debug|Any CPU.ActiveCfg = Debug|Any CPU
		{448E105D-CCD3-4465-85B2-722CB83F036F}.Debug|Any CPU.Build.0 = Debug|Any CPU
		{448E105D-CCD3-4465-85B2-722CB83F036F}.Prerelease|Any CPU.ActiveCfg = Debug|Any CPU
		{448E105D-CCD3-4465-85B2-722CB83F036F}.Prerelease|Any CPU.Build.0 = Debug|Any CPU
		{448E105D-CCD3-4465-85B2-722CB83F036F}.Release|Any CPU.ActiveCfg = Release|Any CPU
		{448E105D-CCD3-4465-85B2-722CB83F036F}.Release|Any CPU.Build.0 = Release|Any CPU
		{98175244-F4FB-42DA-A1FD-09D281081BC9}.Debug|Any CPU.ActiveCfg = Debug|Any CPU
		{98175244-F4FB-42DA-A1FD-09D281081BC9}.Debug|Any CPU.Build.0 = Debug|Any CPU
		{98175244-F4FB-42DA-A1FD-09D281081BC9}.Prerelease|Any CPU.ActiveCfg = Debug|Any CPU
		{98175244-F4FB-42DA-A1FD-09D281081BC9}.Prerelease|Any CPU.Build.0 = Debug|Any CPU
		{98175244-F4FB-42DA-A1FD-09D281081BC9}.Release|Any CPU.ActiveCfg = Release|Any CPU
		{98175244-F4FB-42DA-A1FD-09D281081BC9}.Release|Any CPU.Build.0 = Release|Any CPU
		{DFCD3DB2-04F9-4A3C-AEBB-B85203A02FB1}.Debug|Any CPU.ActiveCfg = Debug|Any CPU
		{DFCD3DB2-04F9-4A3C-AEBB-B85203A02FB1}.Debug|Any CPU.Build.0 = Debug|Any CPU
		{DFCD3DB2-04F9-4A3C-AEBB-B85203A02FB1}.Prerelease|Any CPU.ActiveCfg = Debug|Any CPU
		{DFCD3DB2-04F9-4A3C-AEBB-B85203A02FB1}.Prerelease|Any CPU.Build.0 = Debug|Any CPU
		{DFCD3DB2-04F9-4A3C-AEBB-B85203A02FB1}.Release|Any CPU.ActiveCfg = Release|Any CPU
		{DFCD3DB2-04F9-4A3C-AEBB-B85203A02FB1}.Release|Any CPU.Build.0 = Release|Any CPU
		{ED42A0E2-176C-446A-BAB6-72ACC6F1BD81}.Debug|Any CPU.ActiveCfg = Debug|Any CPU
		{ED42A0E2-176C-446A-BAB6-72ACC6F1BD81}.Debug|Any CPU.Build.0 = Debug|Any CPU
		{ED42A0E2-176C-446A-BAB6-72ACC6F1BD81}.Prerelease|Any CPU.ActiveCfg = Debug|Any CPU
		{ED42A0E2-176C-446A-BAB6-72ACC6F1BD81}.Prerelease|Any CPU.Build.0 = Debug|Any CPU
		{ED42A0E2-176C-446A-BAB6-72ACC6F1BD81}.Release|Any CPU.ActiveCfg = Release|Any CPU
		{ED42A0E2-176C-446A-BAB6-72ACC6F1BD81}.Release|Any CPU.Build.0 = Release|Any CPU
		{114050BF-CB4E-4296-8D09-C96A24903167}.Debug|Any CPU.ActiveCfg = Debug|Any CPU
		{114050BF-CB4E-4296-8D09-C96A24903167}.Debug|Any CPU.Build.0 = Debug|Any CPU
		{114050BF-CB4E-4296-8D09-C96A24903167}.Prerelease|Any CPU.ActiveCfg = Debug|Any CPU
		{114050BF-CB4E-4296-8D09-C96A24903167}.Prerelease|Any CPU.Build.0 = Debug|Any CPU
		{114050BF-CB4E-4296-8D09-C96A24903167}.Release|Any CPU.ActiveCfg = Release|Any CPU
		{114050BF-CB4E-4296-8D09-C96A24903167}.Release|Any CPU.Build.0 = Release|Any CPU
		{AA001966-9A17-4843-84E1-19142C3BE1C5}.Debug|Any CPU.ActiveCfg = Debug|Any CPU
		{AA001966-9A17-4843-84E1-19142C3BE1C5}.Debug|Any CPU.Build.0 = Debug|Any CPU
		{AA001966-9A17-4843-84E1-19142C3BE1C5}.Prerelease|Any CPU.ActiveCfg = Debug|Any CPU
		{AA001966-9A17-4843-84E1-19142C3BE1C5}.Prerelease|Any CPU.Build.0 = Debug|Any CPU
		{AA001966-9A17-4843-84E1-19142C3BE1C5}.Release|Any CPU.ActiveCfg = Release|Any CPU
		{AA001966-9A17-4843-84E1-19142C3BE1C5}.Release|Any CPU.Build.0 = Release|Any CPU
		{96C528AB-1794-44FF-B656-C5BF8552A712}.Debug|Any CPU.ActiveCfg = Debug|Any CPU
		{96C528AB-1794-44FF-B656-C5BF8552A712}.Debug|Any CPU.Build.0 = Debug|Any CPU
		{96C528AB-1794-44FF-B656-C5BF8552A712}.Prerelease|Any CPU.ActiveCfg = Debug|Any CPU
		{96C528AB-1794-44FF-B656-C5BF8552A712}.Prerelease|Any CPU.Build.0 = Debug|Any CPU
		{96C528AB-1794-44FF-B656-C5BF8552A712}.Release|Any CPU.ActiveCfg = Release|Any CPU
		{96C528AB-1794-44FF-B656-C5BF8552A712}.Release|Any CPU.Build.0 = Release|Any CPU
		{62AACEB7-B1F3-421B-A3CE-0107B5C44041}.Debug|Any CPU.ActiveCfg = Debug|Any CPU
		{62AACEB7-B1F3-421B-A3CE-0107B5C44041}.Debug|Any CPU.Build.0 = Debug|Any CPU
		{62AACEB7-B1F3-421B-A3CE-0107B5C44041}.Prerelease|Any CPU.ActiveCfg = Debug|Any CPU
		{62AACEB7-B1F3-421B-A3CE-0107B5C44041}.Prerelease|Any CPU.Build.0 = Debug|Any CPU
		{62AACEB7-B1F3-421B-A3CE-0107B5C44041}.Release|Any CPU.ActiveCfg = Release|Any CPU
		{62AACEB7-B1F3-421B-A3CE-0107B5C44041}.Release|Any CPU.Build.0 = Release|Any CPU
		{D3D11186-48DC-4B60-8831-04E019159413}.Debug|Any CPU.ActiveCfg = Debug|Any CPU
		{D3D11186-48DC-4B60-8831-04E019159413}.Debug|Any CPU.Build.0 = Debug|Any CPU
		{D3D11186-48DC-4B60-8831-04E019159413}.Prerelease|Any CPU.ActiveCfg = Debug|Any CPU
		{D3D11186-48DC-4B60-8831-04E019159413}.Prerelease|Any CPU.Build.0 = Debug|Any CPU
		{D3D11186-48DC-4B60-8831-04E019159413}.Release|Any CPU.ActiveCfg = Release|Any CPU
		{D3D11186-48DC-4B60-8831-04E019159413}.Release|Any CPU.Build.0 = Release|Any CPU
		{660D01EC-D684-4AD8-B693-E490D08DA23A}.Debug|Any CPU.ActiveCfg = Debug|Any CPU
		{660D01EC-D684-4AD8-B693-E490D08DA23A}.Debug|Any CPU.Build.0 = Debug|Any CPU
		{660D01EC-D684-4AD8-B693-E490D08DA23A}.Prerelease|Any CPU.ActiveCfg = Debug|Any CPU
		{660D01EC-D684-4AD8-B693-E490D08DA23A}.Prerelease|Any CPU.Build.0 = Debug|Any CPU
		{660D01EC-D684-4AD8-B693-E490D08DA23A}.Release|Any CPU.ActiveCfg = Release|Any CPU
		{660D01EC-D684-4AD8-B693-E490D08DA23A}.Release|Any CPU.Build.0 = Release|Any CPU
	EndGlobalSection
	GlobalSection(SolutionProperties) = preSolution
		HideSolutionNode = FALSE
	EndGlobalSection
	GlobalSection(NestedProjects) = preSolution
		{B7E7EBFB-C06E-4FC8-9AF2-7CD132AB15FD} = {015EA4FF-2464-4B20-B041-C4318FBC2696}
		{D3D11186-48DC-4B60-8831-04E019159413} = {D05E7DB5-552A-4A2B-939C-49774B3DA8CD}
		{660D01EC-D684-4AD8-B693-E490D08DA23A} = {D05E7DB5-552A-4A2B-939C-49774B3DA8CD}
	EndGlobalSection
	GlobalSection(ExtensibilityGlobals) = postSolution
		SolutionGuid = {9DCBA24E-9BB5-49C5-B311-ADF3B5C274CC}
	EndGlobalSection
EndGlobal
